{
  "object": {
    "pins": [
      {
        "package": "DebugMenu",
        "repositoryURL": "https://github.com/noppefoxwolf/DebugMenu.git",
        "state": {
          "branch": null,
          "revision": "0a3e656d8359b159b178874258437ac637b421b1",
          "version": "1.20.0"
        }
      },
      {
        "package": "swift-log",
        "repositoryURL": "https://github.com/apple/swift-log.git",
        "state": {
          "branch": null,
          "revision": "5d66f7ba25daf4f94100e7022febf3c75e37a6c7",
          "version": "1.4.2"
        }
      }
    ]
  },
  "version": 1
}
